<?xml version="1.0" encoding="UTF-8"?>
<Scheme
   LastUpgradeVersion = "1610"
   version = "1.7">
   <BuildAction
      parallelizeBuildables = "YES"
      buildImplicitDependencies = "YES"
      buildArchitectures = "Automatic">
      <BuildActionEntries>
         <BuildActionEntry
            buildForTesting = "YES"
            buildForRunning = "YES"
            buildForProfiling = "YES"
            buildForArchiving = "YES"
            buildForAnalyzing = "YES">
            <BuildableReference
               BuildableIdentifier = "primary"
               BlueprintIdentifier = "80DAC99B2CE39ADD00609BF6"
               BuildableName = "LFM-GHactions.app"
               BlueprintName = "LFM-GHactions"
               ReferencedContainer = "container:GithubActions.xcodeproj">
            </BuildableReference>
         </BuildActionEntry>
      </BuildActionEntries>
   </BuildAction>
   <TestAction
      buildConfiguration = "Debug"
      selectedDebuggerIdentifier = "Xcode.DebuggerFoundation.Debugger.LLDB"
      selectedLauncherIdentifier = "Xcode.DebuggerFoundation.Launcher.LLDB"
      shouldUseLaunchSchemeArgsEnv = "YES">
      <TestPlans>
         <TestPlanReference
            reference = "container:LfmTestPlan.xctestplan"
            default = "YES">
         </TestPlanReference>
      </TestPlans>
      <Testables>
         <TestableReference
            skipped = "NO"
            parallelizable = "YES">
            <BuildableReference
               BuildableIdentifier = "primary"
               BlueprintIdentifier = "80DAC9AC2CE39ADE00609BF6"
               BuildableName = "GithubActionsTests.xctest"
               BlueprintName = "GithubActionsTests"
               ReferencedContainer = "container:GithubActions.xcodeproj">
            </BuildableReference>
         </TestableReference>
         <TestableReference
            skipped = "NO"
            parallelizable = "YES">
            <BuildableReference
               BuildableIdentifier = "primary"
               BlueprintIdentifier = "80DAC9B62CE39ADE00609BF6"
               BuildableName = "GithubActionsUITests.xctest"
               BlueprintName = "GithubActionsUITests"
               ReferencedContainer = "container:GithubActions.xcodeproj">
            </BuildableReference>
         </TestableReference>
         <TestableReference
            skipped = "NO">
            <BuildableReference
               BuildableIdentifier = "primary"
               BlueprintIdentifier = "MyFeatureTests"
               BuildableName = "MyFeatureTests"
               BlueprintName = "MyFeatureTests"
               ReferencedContainer = "container:sumer-ios">
            </BuildableReference>
         </TestableReference>
         <TestableReference
            skipped = "NO">
            <BuildableReference
               BuildableIdentifier = "primary"
               BlueprintIdentifier = "MyFeatureTests"
               BuildableName = "MyFeatureTests"
               BlueprintName = "MyFeatureTests"
               ReferencedContainer = "container:sumer-ios">
            </BuildableReference>
         </TestableReference>
         <TestableReference
            skipped = "NO">
            <BuildableReference
               BuildableIdentifier = "primary"
               BlueprintIdentifier = "80DAC9AC2CE39ADE00609BF6"
               BuildableName = "GithubActionsTests.xctest"
               BlueprintName = "GithubActionsTests"
               ReferencedContainer = "container:GithubActions.xcodeproj">
            </BuildableReference>
         </TestableReference>
         <TestableReference
            skipped = "NO">
            <BuildableReference
               BuildableIdentifier = "primary"
               BlueprintIdentifier = "80DAC9B62CE39ADE00609BF6"
               BuildableName = "GithubActionsUITests.xctest"
               BlueprintName = "GithubActionsUITests"
               ReferencedContainer = "container:GithubActions.xcodeproj">
            </BuildableReference>
         </TestableReference>
         <TestableReference
            skipped = "NO">
            <BuildableReference
               BuildableIdentifier = "primary"
               BlueprintIdentifier = "80DAC9AC2CE39ADE00609BF6"
               BuildableName = "GithubActionsTests.xctest"
               BlueprintName = "GithubActionsTests"
               ReferencedContainer = "container:GithubActions.xcodeproj">
            </BuildableReference>
         </TestableReference>
         <TestableReference
            skipped = "NO">
            <BuildableReference
               BuildableIdentifier = "primary"
               BlueprintIdentifier = "80DAC9B62CE39ADE00609BF6"
               BuildableName = "GithubActionsUITests.xctest"
               BlueprintName = "GithubActionsUITests"
               ReferencedContainer = "container:GithubActions.xcodeproj">
            </BuildableReference>
         </TestableReference>
         <TestableReference
            skipped = "NO">
            <BuildableReference
               BuildableIdentifier = "primary"
               BlueprintIdentifier = "MyFeatureTests"
               BuildableName = "MyFeatureTests"
               BlueprintName = "MyFeatureTests"
               ReferencedContainer = "container:sumer-ios">
            </BuildableReference>
         </TestableReference>
      </Testables>
   </TestAction>
   <LaunchAction
      buildConfiguration = "Debug"
      selectedDebuggerIdentifier = "Xcode.DebuggerFoundation.Debugger.LLDB"
      selectedLauncherIdentifier = "Xcode.DebuggerFoundation.Launcher.LLDB"
      launchStyle = "0"
      useCustomWorkingDirectory = "NO"
      ignoresPersistentStateOnLaunch = "NO"
      debugDocumentVersioning = "YES"
      debugServiceExtension = "internal"
      allowLocationSimulation = "YES">
      <BuildableProductRunnable
         runnableDebuggingMode = "0">
         <BuildableReference
            BuildableIdentifier = "primary"
            BlueprintIdentifier = "80DAC99B2CE39ADD00609BF6"
            BuildableName = "LFM-GHactions.app"
            BlueprintName = "LFM-GHactions"
            ReferencedContainer = "container:GithubActions.xcodeproj">
         </BuildableReference>
      </BuildableProductRunnable>
   </LaunchAction>
   <ProfileAction
      buildConfiguration = "Release"
      shouldUseLaunchSchemeArgsEnv = "YES"
      savedToolIdentifier = ""
      useCustomWorkingDirectory = "NO"
      debugDocumentVersioning = "YES">
      <BuildableProductRunnable
         runnableDebuggingMode = "0">
         <BuildableReference
            BuildableIdentifier = "primary"
            BlueprintIdentifier = "80DAC99B2CE39ADD00609BF6"
            BuildableName = "LFM-GHactions.app"
            BlueprintName = "LFM-GHactions"
            ReferencedContainer = "container:GithubActions.xcodeproj">
         </BuildableReference>
      </BuildableProductRunnable>
   </ProfileAction>
   <AnalyzeAction
      buildConfiguration = "Debug">
   </AnalyzeAction>
   <ArchiveAction
      buildConfiguration = "Release"
      revealArchiveInOrganizer = "YES">
   </ArchiveAction>
</Scheme>
